
Microsoft Visual Studio Solution File, Format Version 12.00
# Visual Studio Version 17
VisualStudioVersion = 17.12.35707.178 d17.12
MinimumVisualStudioVersion = 10.0.40219.1
Project("{FAE04EC0-301F-11D3-BF4B-00C04F79EFBC}") = "COMP003A.CodingAssignment3-2", "COMP003A.CodingAssignment3-2\COMP003A.CodingAssignment3-2.csproj", "{A5FC72AD-6634-48F8-A804-8D0DCDBA062E}"
EndProject
Global
	GlobalSection(SolutionConfigurationPlatforms) = preSolution
		Debug|Any CPU = Debug|Any CPU
		Release|Any CPU = Release|Any CPU
	EndGlobalSection
	GlobalSection(ProjectConfigurationPlatforms) = postSolution
		{A5FC72AD-6634-48F8-A804-8D0DCDBA062E}.Debug|Any CPU.ActiveCfg = Debug|Any CPU
		{A5FC72AD-6634-48F8-A804-8D0DCDBA062E}.Debug|Any CPU.Build.0 = Debug|Any CPU
		{A5FC72AD-6634-48F8-A804-8D0DCDBA062E}.Release|Any CPU.ActiveCfg = Release|Any CPU
		{A5FC72AD-6634-48F8-A804-8D0DCDBA062E}.Release|Any CPU.Build.0 = Release|Any CPU
	EndGlobalSection
	GlobalSection(SolutionProperties) = preSolution
		HideSolutionNode = FALSE
	EndGlobalSection
EndGlobal
